{
  "originHash" : "410d22783aa23dba47915e0fef2b6d52b28851b2ddc39cfbee0f2099de5b19d1",
  "pins" : [
    {
      "identity" : "chatbase-ios-sdk",
      "kind" : "remoteSourceControl",
      "location" : "https://github.com/Chatbase-co/chatbase-ios-sdk",
      "state" : {
        "branch" : "main",
        "revision" : "14c8a465ccb4ab969e3134bc0c469b0f2dc5d755"
      }
    }
  ],
  "version" : 3
}
