{
  "originHash" : "410d22783aa23dba47915e0fef2b6d52b28851b2ddc39cfbee0f2099de5b19d1",
  "pins" : [
    {
      "identity" : "chatbase-ios-sdk",
      "kind" : "remoteSourceControl",
      "location" : "https://github.com/Chatbase-co/chatbase-ios-sdk",
      "state" : {
        "branch" : "main",
        "revision" : "e5a8c5f9dd14a1d550beded8899a8cbd834f0c6d"
      }
    }
  ],
  "version" : 3
}
